// !$*UTF8*$!
{
	archiveVersion = 1;
	classes = {
	};
	objectVersion = 50;
	objects = {

/* Begin PBXBuildFile section */
		BD53BE0E25F3D56800FDBFE7 /* Route.swift in Sources */ = {isa = PBXBuildFile; fileRef = BD53BE0D25F3D56800FDBFE7 /* Route.swift */; };
		BD57C82525E92E0C000382B4 /* AppDelegate.swift in Sources */ = {isa = PBXBuildFile; fileRef = BD57C82425E92E0C000382B4 /* AppDelegate.swift */; };
		BD57C82725E92E0C000382B4 /* SceneDelegate.swift in Sources */ = {isa = PBXBuildFile; fileRef = BD57C82625E92E0C000382B4 /* SceneDelegate.swift */; };
		BD57C82925E92E0C000382B4 /* ViewController.swift in Sources */ = {isa = PBXBuildFile; fileRef = BD57C82825E92E0C000382B4 /* ViewController.swift */; };
		BD57C82C25E92E0C000382B4 /* Main.storyboard in Resources */ = {isa = PBXBuildFile; fileRef = BD57C82A25E92E0C000382B4 /* Main.storyboard */; };
		BD57C82E25E92E10000382B4 /* Assets.xcassets in Resources */ = {isa = PBXBuildFile; fileRef = BD57C82D25E92E10000382B4 /* Assets.xcassets */; };
		BD57C83125E92E10000382B4 /* LaunchScreen.storyboard in Resources */ = {isa = PBXBuildFile; fileRef = BD57C82F25E92E10000382B4 /* LaunchScreen.storyboard */; };
		BD8DC21A25EFB5A90098D585 /* Point.swift in Sources */ = {isa = PBXBuildFile; fileRef = BD8DC21925EFB5A90098D585 /* Point.swift */; };
		BDE0DAD525F24F3C004846F5 /* Extensions.swift in Sources */ = {isa = PBXBuildFile; fileRef = BDE0DAD425F24F3C004846F5 /* Extensions.swift */; };
/* End PBXBuildFile section */

/* Begin PBXFileReference section */
		BD53BE0D25F3D56800FDBFE7 /* Route.swift */ = {isa = PBXFileReference; lastKnownFileType = sourcecode.swift; path = Route.swift; sourceTree = "<group>"; };
		BD57C82125E92E0C000382B4 /* aviating.app */ = {isa = PBXFileReference; explicitFileType = wrapper.application; includeInIndex = 0; path = aviating.app; sourceTree = BUILT_PRODUCTS_DIR; };
		BD57C82425E92E0C000382B4 /* AppDelegate.swift */ = {isa = PBXFileReference; lastKnownFileType = sourcecode.swift; path = AppDelegate.swift; sourceTree = "<group>"; };
		BD57C82625E92E0C000382B4 /* SceneDelegate.swift */ = {isa = PBXFileReference; lastKnownFileType = sourcecode.swift; path = SceneDelegate.swift; sourceTree = "<group>"; };
		BD57C82825E92E0C000382B4 /* ViewController.swift */ = {isa = PBXFileReference; lastKnownFileType = sourcecode.swift; path = ViewController.swift; sourceTree = "<group>"; };
		BD57C82B25E92E0C000382B4 /* Base */ = {isa = PBXFileReference; lastKnownFileType = file.storyboard; name = Base; path = Base.lproj/Main.storyboard; sourceTree = "<group>"; };
		BD57C82D25E92E10000382B4 /* Assets.xcassets */ = {isa = PBXFileReference; lastKnownFileType = folder.assetcatalog; path = Assets.xcassets; sourceTree = "<group>"; };
		BD57C83025E92E10000382B4 /* Base */ = {isa = PBXFileReference; lastKnownFileType = file.storyboard; name = Base; path = Base.lproj/LaunchScreen.storyboard; sourceTree = "<group>"; };
		BD57C83225E92E10000382B4 /* Info.plist */ = {isa = PBXFileReference; lastKnownFileType = text.plist.xml; path = Info.plist; sourceTree = "<group>"; };
		BD8DC21925EFB5A90098D585 /* Point.swift */ = {isa = PBXFileReference; lastKnownFileType = sourcecode.swift; path = Point.swift; sourceTree = "<group>"; };
		BDE0DAD425F24F3C004846F5 /* Extensions.swift */ = {isa = PBXFileReference; lastKnownFileType = sourcecode.swift; path = Extensions.swift; sourceTree = "<group>"; };
/* End PBXFileReference section */

/* Begin PBXFrameworksBuildPhase section */
		BD57C81E25E92E0C000382B4 /* Frameworks */ = {
			isa = PBXFrameworksBuildPhase;
			buildActionMask = 2147483647;
			files = (
			);
			runOnlyForDeploymentPostprocessing = 0;
		};
/* End PBXFrameworksBuildPhase section */

/* Begin PBXGroup section */
		BD57C81825E92E0C000382B4 = {
			isa = PBXGroup;
			children = (
				BD57C82325E92E0C000382B4 /* aviating */,
				BD57C82225E92E0C000382B4 /* Products */,
			);
			sourceTree = "<group>";
		};
		BD57C82225E92E0C000382B4 /* Products */ = {
			isa = PBXGroup;
			children = (
				BD57C82125E92E0C000382B4 /* aviating.app */,
			);
			name = Products;
			sourceTree = "<group>";
		};
		BD57C82325E92E0C000382B4 /* aviating */ = {
			isa = PBXGroup;
			children = (
				BD57C82425E92E0C000382B4 /* AppDelegate.swift */,
				BD57C82825E92E0C000382B4 /* ViewController.swift */,
				BDE0DAD425F24F3C004846F5 /* Extensions.swift */,
				BD8DC21925EFB5A90098D585 /* Point.swift */,
				BD53BE0D25F3D56800FDBFE7 /* Route.swift */,
				BD57C82625E92E0C000382B4 /* SceneDelegate.swift */,
				BD57C82A25E92E0C000382B4 /* Main.storyboard */,
				BD57C82D25E92E10000382B4 /* Assets.xcassets */,
				BD57C82F25E92E10000382B4 /* LaunchScreen.storyboard */,
				BD57C83225E92E10000382B4 /* Info.plist */,
			);
			path = aviating;
			sourceTree = "<group>";
		};
/* End PBXGroup section */

/* Begin PBXNativeTarget section */
		BD57C82025E92E0C000382B4 /* aviating */ = {
			isa = PBXNativeTarget;
			buildConfigurationList = BD57C83525E92E10000382B4 /* Build configuration list for PBXNativeTarget "aviating" */;
			buildPhases = (
				BD57C81D25E92E0C000382B4 /* Sources */,
				BD57C81E25E92E0C000382B4 /* Frameworks */,
				BD57C81F25E92E0C000382B4 /* Resources */,
			);
			buildRules = (
			);
			dependencies = (
			);
			name = aviating;
			productName = aviating;
			productReference = BD57C82125E92E0C000382B4 /* aviating.app */;
			productType = "com.apple.product-type.application";
		};
/* End PBXNativeTarget section */

/* Begin PBXProject section */
		BD57C81925E92E0C000382B4 /* Project object */ = {
			isa = PBXProject;
			attributes = {
				LastSwiftUpdateCheck = 1220;
				LastUpgradeCheck = 1220;
				TargetAttributes = {
					BD57C82025E92E0C000382B4 = {
						CreatedOnToolsVersion = 12.2;
					};
				};
			};
			buildConfigurationList = BD57C81C25E92E0C000382B4 /* Build configuration list for PBXProject "aviating" */;
			compatibilityVersion = "Xcode 9.3";
			developmentRegion = en;
			hasScannedForEncodings = 0;
			knownRegions = (
				en,
				Base,
			);
			mainGroup = BD57C81825E92E0C000382B4;
			productRefGroup = BD57C82225E92E0C000382B4 /* Products */;
			projectDirPath = "";
			projectRoot = "";
			targets = (
				BD57C82025E92E0C000382B4 /* aviating */,
			);
		};
/* End PBXProject section */

/* Begin PBXResourcesBuildPhase section */
		BD57C81F25E92E0C000382B4 /* Resources */ = {
			isa = PBXResourcesBuildPhase;
			buildActionMask = 2147483647;
			files = (
				BD57C83125E92E10000382B4 /* LaunchScreen.storyboard in Resources */,
				BD57C82E25E92E10000382B4 /* Assets.xcassets in Resources */,
				BD57C82C25E92E0C000382B4 /* Main.storyboard in Resources */,
			);
			runOnlyForDeploymentPostprocessing = 0;
		};
/* End PBXResourcesBuildPhase section */

/* Begin PBXSourcesBuildPhase section */
		BD57C81D25E92E0C000382B4 /* Sources */ = {
			isa = PBXSourcesBuildPhase;
			buildActionMask = 2147483647;
			files = (
				BDE0DAD525F24F3C004846F5 /* Extensions.swift in Sources */,
				BD8DC21A25EFB5A90098D585 /* Point.swift in Sources */,
				BD57C82925E92E0C000382B4 /* ViewController.swift in Sources */,
				BD53BE0E25F3D56800FDBFE7 /* Route.swift in Sources */,
				BD57C82525E92E0C000382B4 /* AppDelegate.swift in Sources */,
				BD57C82725E92E0C000382B4 /* SceneDelegate.swift in Sources */,
			);
			runOnlyForDeploymentPostprocessing = 0;
		};
/* End PBXSourcesBuildPhase section */

/* Begin PBXVariantGroup section */
		BD57C82A25E92E0C000382B4 /* Main.storyboard */ = {
			isa = PBXVariantGroup;
			children = (
				BD57C82B25E92E0C000382B4 /* Base */,
			);
			name = Main.storyboard;
			sourceTree = "<group>";
		};
		BD57C82F25E92E10000382B4 /* LaunchScreen.storyboard */ = {
			isa = PBXVariantGroup;
			children = (
				BD57C83025E92E10000382B4 /* Base */,
			);
			name = LaunchScreen.storyboard;
			sourceTree = "<group>";
		};
/* End PBXVariantGroup section */

/* Begin XCBuildConfiguration section */
		BD57C83325E92E10000382B4 /* Debug */ = {
			isa = XCBuildConfiguration;
			buildSettings = {
				ALWAYS_SEARCH_USER_PATHS = NO;
				CLANG_ANALYZER_NONNULL = YES;
				CLANG_ANALYZER_NUMBER_OBJECT_CONVERSION = YES_AGGRESSIVE;
				CLANG_CXX_LANGUAGE_STANDARD = "gnu++14";
				CLANG_CXX_LIBRARY = "libc++";
				CLANG_ENABLE_MODULES = YES;
				CLANG_ENABLE_OBJC_ARC = YES;
				CLANG_ENABLE_OBJC_WEAK = YES;
				CLANG_WARN_BLOCK_CAPTURE_AUTORELEASING = YES;
				CLANG_WARN_BOOL_CONVERSION = YES;
				CLANG_WARN_COMMA = YES;
				CLANG_WARN_CONSTANT_CONVERSION = YES;
				CLANG_WARN_DEPRECATED_OBJC_IMPLEMENTATIONS = YES;
				CLANG_WARN_DIRECT_OBJC_ISA_USAGE = YES_ERROR;
				CLANG_WARN_DOCUMENTATION_COMMENTS = YES;
				CLANG_WARN_EMPTY_BODY = YES;
				CLANG_WARN_ENUM_CONVERSION = YES;
				CLANG_WARN_INFINITE_RECURSION = YES;
				CLANG_WARN_INT_CONVERSION = YES;
				CLANG_WARN_NON_LITERAL_NULL_CONVERSION = YES;
				CLANG_WARN_OBJC_IMPLICIT_RETAIN_SELF = YES;
				CLANG_WARN_OBJC_LITERAL_CONVERSION = YES;
				CLANG_WARN_OBJC_ROOT_CLASS = YES_ERROR;
				CLANG_WARN_QUOTED_INCLUDE_IN_FRAMEWORK_HEADER = YES;
				CLANG_WARN_RANGE_LOOP_ANALYSIS = YES;
				CLANG_WARN_STRICT_PROTOTYPES = YES;
				CLANG_WARN_SUSPICIOUS_MOVE = YES;
				CLANG_WARN_UNGUARDED_AVAILABILITY = YES_AGGRESSIVE;
				CLANG_WARN_UNREACHABLE_CODE = YES;
				CLANG_WARN__DUPLICATE_METHOD_MATCH = YES;
				COPY_PHASE_STRIP = NO;
				DEBUG_INFORMATION_FORMAT = dwarf;
				ENABLE_STRICT_OBJC_MSGSEND = YES;
				ENABLE_TESTABILITY = YES;
				GCC_C_LANGUAGE_STANDARD = gnu11;
				GCC_DYNAMIC_NO_PIC = NO;
				GCC_NO_COMMON_BLOCKS = YES;
				GCC_OPTIMIZATION_LEVEL = 0;
				GCC_PREPROCESSOR_DEFINITIONS = (
					"DEBUG=1",
					"$(inherited)",
				);
				GCC_WARN_64_TO_32_BIT_CONVERSION = YES;
				GCC_WARN_ABOUT_RETURN_TYPE = YES_ERROR;
				GCC_WARN_UNDECLARED_SELECTOR = YES;
				GCC_WARN_UNINITIALIZED_AUTOS = YES_AGGRESSIVE;
				GCC_WARN_UNUSED_FUNCTION = YES;
				GCC_WARN_UNUSED_VARIABLE = YES;
				IPHONEOS_DEPLOYMENT_TARGET = 14.2;
				MTL_ENABLE_DEBUG_INFO = INCLUDE_SOURCE;
				MTL_FAST_MATH = YES;
				ONLY_ACTIVE_ARCH = YES;
				SDKROOT = iphoneos;
				SWIFT_ACTIVE_COMPILATION_CONDITIONS = DEBUG;
				SWIFT_OPTIMIZATION_LEVEL = "-Onone";
			};
			name = Debug;
		};
		BD57C83425E92E10000382B4 /* Release */ = {
			isa = XCBuildConfiguration;
			buildSettings = {
				ALWAYS_SEARCH_USER_PATHS = NO;
				CLANG_ANALYZER_NONNULL = YES;
				CLANG_ANALYZER_NUMBER_OBJECT_CONVERSION = YES_AGGRESSIVE;
				CLANG_CXX_LANGUAGE_STANDARD = "gnu++14";
				CLANG_CXX_LIBRARY = "libc++";
				CLANG_ENABLE_MODULES = YES;
				CLANG_ENABLE_OBJC_ARC = YES;
				CLANG_ENABLE_OBJC_WEAK = YES;
				CLANG_WARN_BLOCK_CAPTURE_AUTORELEASING = YES;
				CLANG_WARN_BOOL_CONVERSION = YES;
				CLANG_WARN_COMMA = YES;
				CLANG_WARN_CONSTANT_CONVERSION = YES;
				CLANG_WARN_DEPRECATED_OBJC_IMPLEMENTATIONS = YES;
				CLANG_WARN_DIRECT_OBJC_ISA_USAGE = YES_ERROR;
				CLANG_WARN_DOCUMENTATION_COMMENTS = YES;
				CLANG_WARN_EMPTY_BODY = YES;
				CLANG_WARN_ENUM_CONVERSION = YES;
				CLANG_WARN_INFINITE_RECURSION = YES;
				CLANG_WARN_INT_CONVERSION = YES;
				CLANG_WARN_NON_LITERAL_NULL_CONVERSION = YES;
				CLANG_WARN_OBJC_IMPLICIT_RETAIN_SELF = YES;
				CLANG_WARN_OBJC_LITERAL_CONVERSION = YES;
				CLANG_WARN_OBJC_ROOT_CLASS = YES_ERROR;
				CLANG_WARN_QUOTED_INCLUDE_IN_FRAMEWORK_HEADER = YES;
				CLANG_WARN_RANGE_LOOP_ANALYSIS = YES;
				CLANG_WARN_STRICT_PROTOTYPES = YES;
				CLANG_WARN_SUSPICIOUS_MOVE = YES;
				CLANG_WARN_UNGUARDED_AVAILABILITY = YES_AGGRESSIVE;
				CLANG_WARN_UNREACHABLE_CODE = YES;
				CLANG_WARN__DUPLICATE_METHOD_MATCH = YES;
				COPY_PHASE_STRIP = NO;
				DEBUG_INFORMATION_FORMAT = "dwarf-with-dsym";
				ENABLE_NS_ASSERTIONS = NO;
				ENABLE_STRICT_OBJC_MSGSEND = YES;
				GCC_C_LANGUAGE_STANDARD = gnu11;
				GCC_NO_COMMON_BLOCKS = YES;
				GCC_WARN_64_TO_32_BIT_CONVERSION = YES;
				GCC_WARN_ABOUT_RETURN_TYPE = YES_ERROR;
				GCC_WARN_UNDECLARED_SELECTOR = YES;
				GCC_WARN_UNINITIALIZED_AUTOS = YES_AGGRESSIVE;
				GCC_WARN_UNUSED_FUNCTION = YES;
				GCC_WARN_UNUSED_VARIABLE = YES;
				IPHONEOS_DEPLOYMENT_TARGET = 14.2;
				MTL_ENABLE_DEBUG_INFO = NO;
				MTL_FAST_MATH = YES;
				SDKROOT = iphoneos;
				SWIFT_COMPILATION_MODE = wholemodule;
				SWIFT_OPTIMIZATION_LEVEL = "-O";
				VALIDATE_PRODUCT = YES;
			};
			name = Release;
		};
		BD57C83625E92E10000382B4 /* Debug */ = {
			isa = XCBuildConfiguration;
			buildSettings = {
				ASSETCATALOG_COMPILER_APPICON_NAME = AppIcon;
				ASSETCATALOG_COMPILER_GLOBAL_ACCENT_COLOR_NAME = AccentColor;
				CODE_SIGN_STYLE = Automatic;
				DEVELOPMENT_TEAM = GS5V74YKY3;
				INFOPLIST_FILE = aviating/Info.plist;
				LD_RUNPATH_SEARCH_PATHS = (
					"$(inherited)",
					"@executable_path/Frameworks",
				);
				PRODUCT_BUNDLE_IDENTIFIER = sfhyr.aviating;
				PRODUCT_NAME = "$(TARGET_NAME)";
				SWIFT_VERSION = 5.0;
				TARGETED_DEVICE_FAMILY = "1,2";
			};
			name = Debug;
		};
		BD57C83725E92E10000382B4 /* Release */ = {
			isa = XCBuildConfiguration;
			buildSettings = {
				ASSETCATALOG_COMPILER_APPICON_NAME = AppIcon;
				ASSETCATALOG_COMPILER_GLOBAL_ACCENT_COLOR_NAME = AccentColor;
				CODE_SIGN_STYLE = Automatic;
				DEVELOPMENT_TEAM = GS5V74YKY3;
				INFOPLIST_FILE = aviating/Info.plist;
				LD_RUNPATH_SEARCH_PATHS = (
					"$(inherited)",
					"@executable_path/Frameworks",
				);
				PRODUCT_BUNDLE_IDENTIFIER = sfhyr.aviating;
				PRODUCT_NAME = "$(TARGET_NAME)";
				SWIFT_VERSION = 5.0;
				TARGETED_DEVICE_FAMILY = "1,2";
			};
			name = Release;
		};
/* End XCBuildConfiguration section */

/* Begin XCConfigurationList section */
		BD57C81C25E92E0C000382B4 /* Build configuration list for PBXProject "aviating" */ = {
			isa = XCConfigurationList;
			buildConfigurations = (
				BD57C83325E92E10000382B4 /* Debug */,
				BD57C83425E92E10000382B4 /* Release */,
			);
			defaultConfigurationIsVisible = 0;
			defaultConfigurationName = Release;
		};
		BD57C83525E92E10000382B4 /* Build configuration list for PBXNativeTarget "aviating" */ = {
			isa = XCConfigurationList;
			buildConfigurations = (
				BD57C83625E92E10000382B4 /* Debug */,
				BD57C83725E92E10000382B4 /* Release */,
			);
			defaultConfigurationIsVisible = 0;
			defaultConfigurationName = Release;
		};
/* End XCConfigurationList section */
	};
	rootObject = BD57C81925E92E0C000382B4 /* Project object */;
}
